
Microsoft Visual Studio Solution File, Format Version 12.00
# Visual Studio Version 17
VisualStudioVersion = 17.0.31903.59
MinimumVisualStudioVersion = 10.0.40219.1
Project("{2150E333-8FDC-42A3-9474-1A3956D46DE8}") = "Deployment", "Deployment", "{73F84758-2352-4763-A459-9173C396DFC0}"
EndProject
Project("{2150E333-8FDC-42A3-9474-1A3956D46DE8}") = "Test", "Test", "{08A45EFA-D2AA-4FC1-AFE2-B0E71416E44F}"
EndProject
Project("{2150E333-8FDC-42A3-9474-1A3956D46DE8}") = "SRC", "SRC", "{DD7C55D4-7026-490D-B734-2BAD175FC05B}"
EndProject
Project("{2150E333-8FDC-42A3-9474-1A3956D46DE8}") = "Course", "Course", "{C3D46BF0-CC55-4992-911B-629363478359}"
EndProject
Project("{2150E333-8FDC-42A3-9474-1A3956D46DE8}") = "User", "User", "{E39346C6-08BA-4361-9C2C-A4D71DFBFD4B}"
EndProject
Project("{2150E333-8FDC-42A3-9474-1A3956D46DE8}") = "Progress", "Progress", "{72269D9D-7A10-4232-AB21-C5A698BA1826}"
EndProject
Project("{2150E333-8FDC-42A3-9474-1A3956D46DE8}") = "Payment", "Payment", "{EDCFB5B9-6D5B-4E95-B252-7B24484C40A4}"
EndProject
Project("{2150E333-8FDC-42A3-9474-1A3956D46DE8}") = "ApiGetAway", "ApiGetAway", "{AD716D1B-66B2-45FF-964A-E08284A1709B}"
EndProject
Project("{FAE04EC0-301F-11D3-BF4B-00C04F79EFBC}") = "Course.API", "Course.API\Course.API.csproj", "{FB745645-C1D2-4869-8207-AFE7368F417B}"
EndProject
Project("{FAE04EC0-301F-11D3-BF4B-00C04F79EFBC}") = "Course.Application", "Course.Application\Course.Application.csproj", "{88AE193A-9ADF-4A77-B732-911BEB464D7A}"
EndProject
Project("{FAE04EC0-301F-11D3-BF4B-00C04F79EFBC}") = "Course.Domain", "Course.Domain\Course.Domain.csproj", "{DE4FB265-6647-40BF-BAEE-D4932C658335}"
EndProject
Project("{FAE04EC0-301F-11D3-BF4B-00C04F79EFBC}") = "Course.Infrastructure", "Course.Infrastructure\Course.Infrastructure.csproj", "{A8FC12FB-EAD1-41D5-BC44-55E6E459235E}"
EndProject
Project("{FAE04EC0-301F-11D3-BF4B-00C04F79EFBC}") = "Payment.API", "Payment.API\Payment.API.csproj", "{377CF322-0B0A-4362-9ED2-876CFE6CCBC8}"
EndProject
Project("{FAE04EC0-301F-11D3-BF4B-00C04F79EFBC}") = "Payment.Domain", "Payment.Domain\Payment.Domain.csproj", "{D32FC57F-360B-4D2F-BBB0-699CC076386D}"
EndProject
Project("{FAE04EC0-301F-11D3-BF4B-00C04F79EFBC}") = "Payment.Application", "Payment.Application\Payment.Application.csproj", "{45ABF7FE-AF6F-4CB4-BD82-79B258B8B86F}"
EndProject
Project("{FAE04EC0-301F-11D3-BF4B-00C04F79EFBC}") = "Payment.Infrastructure", "Payment.Infrastructure\Payment.Infrastructure.csproj", "{0B5B9B7D-22AF-4F05-8053-87B172C993E8}"
EndProject
Project("{FAE04EC0-301F-11D3-BF4B-00C04F79EFBC}") = "Progress.Application", "Progress.Application\Progress.Application.csproj", "{F2201322-D749-4293-B951-8209CCAD0764}"
EndProject
Project("{FAE04EC0-301F-11D3-BF4B-00C04F79EFBC}") = "Progress.Domain", "Progress.Domain\Progress.Domain.csproj", "{776AD7C0-197D-45EB-8951-187FF661FB0B}"
EndProject
Project("{FAE04EC0-301F-11D3-BF4B-00C04F79EFBC}") = "Progress.Infrastructure", "Progress.Infrastructure\Progress.Infrastructure.csproj", "{8E43FEFD-9552-4BD4-AFE7-38DC98F22FC0}"
EndProject
Project("{FAE04EC0-301F-11D3-BF4B-00C04F79EFBC}") = "Progress.API", "Progress.API\Progress.API.csproj", "{06E19DE8-B39B-4D17-A7F4-BD1E0C156B5E}"
EndProject
Project("{FAE04EC0-301F-11D3-BF4B-00C04F79EFBC}") = "User.API", "User.API\User.API.csproj", "{056514F4-709D-46C2-B9D5-AEF17971CD86}"
EndProject
Project("{FAE04EC0-301F-11D3-BF4B-00C04F79EFBC}") = "User.Application", "User.Application\User.Application.csproj", "{F24986F0-E926-4713-B9B3-1164902049C5}"
EndProject
Project("{FAE04EC0-301F-11D3-BF4B-00C04F79EFBC}") = "User.Domain", "User.Domain\User.Domain.csproj", "{8CF598FC-06B3-4686-9397-C7CA9D548587}"
EndProject
Project("{FAE04EC0-301F-11D3-BF4B-00C04F79EFBC}") = "User.Infrastructure", "User.Infrastructure\User.Infrastructure.csproj", "{5174E9B7-5DA0-4E1A-B5BF-AA9F3567A6A4}"
EndProject
Project("{FAE04EC0-301F-11D3-BF4B-00C04F79EFBC}") = "ApiGetAway.API", "ApiGetAway.API\ApiGetAway.API.csproj", "{9515D45E-3913-4FF2-A5D3-485817081B9C}"
EndProject
Project("{2150E333-8FDC-42A3-9474-1A3956D46DE8}") = "ShareIt", "ShareIt", "{E908716E-2421-499B-83B8-C2F994E7DDDD}"
EndProject
Project("{FAE04EC0-301F-11D3-BF4B-00C04F79EFBC}") = "SharedModels", "SharedModels\SharedModels.csproj", "{96D9315F-6E66-4D35-8530-4DA93C66E538}"
EndProject
Global
	GlobalSection(SolutionConfigurationPlatforms) = preSolution
		Debug|Any CPU = Debug|Any CPU
		Release|Any CPU = Release|Any CPU
	EndGlobalSection
	GlobalSection(SolutionProperties) = preSolution
		HideSolutionNode = FALSE
	EndGlobalSection
	GlobalSection(NestedProjects) = preSolution
		{C3D46BF0-CC55-4992-911B-629363478359} = {DD7C55D4-7026-490D-B734-2BAD175FC05B}
		{E39346C6-08BA-4361-9C2C-A4D71DFBFD4B} = {DD7C55D4-7026-490D-B734-2BAD175FC05B}
		{72269D9D-7A10-4232-AB21-C5A698BA1826} = {DD7C55D4-7026-490D-B734-2BAD175FC05B}
		{EDCFB5B9-6D5B-4E95-B252-7B24484C40A4} = {DD7C55D4-7026-490D-B734-2BAD175FC05B}
		{AD716D1B-66B2-45FF-964A-E08284A1709B} = {DD7C55D4-7026-490D-B734-2BAD175FC05B}
		{FB745645-C1D2-4869-8207-AFE7368F417B} = {C3D46BF0-CC55-4992-911B-629363478359}
		{88AE193A-9ADF-4A77-B732-911BEB464D7A} = {C3D46BF0-CC55-4992-911B-629363478359}
		{DE4FB265-6647-40BF-BAEE-D4932C658335} = {C3D46BF0-CC55-4992-911B-629363478359}
		{A8FC12FB-EAD1-41D5-BC44-55E6E459235E} = {C3D46BF0-CC55-4992-911B-629363478359}
		{377CF322-0B0A-4362-9ED2-876CFE6CCBC8} = {EDCFB5B9-6D5B-4E95-B252-7B24484C40A4}
		{D32FC57F-360B-4D2F-BBB0-699CC076386D} = {EDCFB5B9-6D5B-4E95-B252-7B24484C40A4}
		{45ABF7FE-AF6F-4CB4-BD82-79B258B8B86F} = {EDCFB5B9-6D5B-4E95-B252-7B24484C40A4}
		{0B5B9B7D-22AF-4F05-8053-87B172C993E8} = {EDCFB5B9-6D5B-4E95-B252-7B24484C40A4}
		{F2201322-D749-4293-B951-8209CCAD0764} = {72269D9D-7A10-4232-AB21-C5A698BA1826}
		{776AD7C0-197D-45EB-8951-187FF661FB0B} = {72269D9D-7A10-4232-AB21-C5A698BA1826}
		{8E43FEFD-9552-4BD4-AFE7-38DC98F22FC0} = {72269D9D-7A10-4232-AB21-C5A698BA1826}
		{06E19DE8-B39B-4D17-A7F4-BD1E0C156B5E} = {72269D9D-7A10-4232-AB21-C5A698BA1826}
		{056514F4-709D-46C2-B9D5-AEF17971CD86} = {E39346C6-08BA-4361-9C2C-A4D71DFBFD4B}
		{F24986F0-E926-4713-B9B3-1164902049C5} = {E39346C6-08BA-4361-9C2C-A4D71DFBFD4B}
		{8CF598FC-06B3-4686-9397-C7CA9D548587} = {E39346C6-08BA-4361-9C2C-A4D71DFBFD4B}
		{5174E9B7-5DA0-4E1A-B5BF-AA9F3567A6A4} = {E39346C6-08BA-4361-9C2C-A4D71DFBFD4B}
		{9515D45E-3913-4FF2-A5D3-485817081B9C} = {AD716D1B-66B2-45FF-964A-E08284A1709B}
		{E908716E-2421-499B-83B8-C2F994E7DDDD} = {DD7C55D4-7026-490D-B734-2BAD175FC05B}
		{96D9315F-6E66-4D35-8530-4DA93C66E538} = {E908716E-2421-499B-83B8-C2F994E7DDDD}
	EndGlobalSection
	GlobalSection(ProjectConfigurationPlatforms) = postSolution
		{FB745645-C1D2-4869-8207-AFE7368F417B}.Debug|Any CPU.ActiveCfg = Debug|Any CPU
		{FB745645-C1D2-4869-8207-AFE7368F417B}.Debug|Any CPU.Build.0 = Debug|Any CPU
		{FB745645-C1D2-4869-8207-AFE7368F417B}.Release|Any CPU.ActiveCfg = Release|Any CPU
		{FB745645-C1D2-4869-8207-AFE7368F417B}.Release|Any CPU.Build.0 = Release|Any CPU
		{88AE193A-9ADF-4A77-B732-911BEB464D7A}.Debug|Any CPU.ActiveCfg = Debug|Any CPU
		{88AE193A-9ADF-4A77-B732-911BEB464D7A}.Debug|Any CPU.Build.0 = Debug|Any CPU
		{88AE193A-9ADF-4A77-B732-911BEB464D7A}.Release|Any CPU.ActiveCfg = Release|Any CPU
		{88AE193A-9ADF-4A77-B732-911BEB464D7A}.Release|Any CPU.Build.0 = Release|Any CPU
		{DE4FB265-6647-40BF-BAEE-D4932C658335}.Debug|Any CPU.ActiveCfg = Debug|Any CPU
		{DE4FB265-6647-40BF-BAEE-D4932C658335}.Debug|Any CPU.Build.0 = Debug|Any CPU
		{DE4FB265-6647-40BF-BAEE-D4932C658335}.Release|Any CPU.ActiveCfg = Release|Any CPU
		{DE4FB265-6647-40BF-BAEE-D4932C658335}.Release|Any CPU.Build.0 = Release|Any CPU
		{A8FC12FB-EAD1-41D5-BC44-55E6E459235E}.Debug|Any CPU.ActiveCfg = Debug|Any CPU
		{A8FC12FB-EAD1-41D5-BC44-55E6E459235E}.Debug|Any CPU.Build.0 = Debug|Any CPU
		{A8FC12FB-EAD1-41D5-BC44-55E6E459235E}.Release|Any CPU.ActiveCfg = Release|Any CPU
		{A8FC12FB-EAD1-41D5-BC44-55E6E459235E}.Release|Any CPU.Build.0 = Release|Any CPU
		{377CF322-0B0A-4362-9ED2-876CFE6CCBC8}.Debug|Any CPU.ActiveCfg = Debug|Any CPU
		{377CF322-0B0A-4362-9ED2-876CFE6CCBC8}.Debug|Any CPU.Build.0 = Debug|Any CPU
		{377CF322-0B0A-4362-9ED2-876CFE6CCBC8}.Release|Any CPU.ActiveCfg = Release|Any CPU
		{377CF322-0B0A-4362-9ED2-876CFE6CCBC8}.Release|Any CPU.Build.0 = Release|Any CPU
		{D32FC57F-360B-4D2F-BBB0-699CC076386D}.Debug|Any CPU.ActiveCfg = Debug|Any CPU
		{D32FC57F-360B-4D2F-BBB0-699CC076386D}.Debug|Any CPU.Build.0 = Debug|Any CPU
		{D32FC57F-360B-4D2F-BBB0-699CC076386D}.Release|Any CPU.ActiveCfg = Release|Any CPU
		{D32FC57F-360B-4D2F-BBB0-699CC076386D}.Release|Any CPU.Build.0 = Release|Any CPU
		{45ABF7FE-AF6F-4CB4-BD82-79B258B8B86F}.Debug|Any CPU.ActiveCfg = Debug|Any CPU
		{45ABF7FE-AF6F-4CB4-BD82-79B258B8B86F}.Debug|Any CPU.Build.0 = Debug|Any CPU
		{45ABF7FE-AF6F-4CB4-BD82-79B258B8B86F}.Release|Any CPU.ActiveCfg = Release|Any CPU
		{45ABF7FE-AF6F-4CB4-BD82-79B258B8B86F}.Release|Any CPU.Build.0 = Release|Any CPU
		{0B5B9B7D-22AF-4F05-8053-87B172C993E8}.Debug|Any CPU.ActiveCfg = Debug|Any CPU
		{0B5B9B7D-22AF-4F05-8053-87B172C993E8}.Debug|Any CPU.Build.0 = Debug|Any CPU
		{0B5B9B7D-22AF-4F05-8053-87B172C993E8}.Release|Any CPU.ActiveCfg = Release|Any CPU
		{0B5B9B7D-22AF-4F05-8053-87B172C993E8}.Release|Any CPU.Build.0 = Release|Any CPU
		{F2201322-D749-4293-B951-8209CCAD0764}.Debug|Any CPU.ActiveCfg = Debug|Any CPU
		{F2201322-D749-4293-B951-8209CCAD0764}.Debug|Any CPU.Build.0 = Debug|Any CPU
		{F2201322-D749-4293-B951-8209CCAD0764}.Release|Any CPU.ActiveCfg = Release|Any CPU
		{F2201322-D749-4293-B951-8209CCAD0764}.Release|Any CPU.Build.0 = Release|Any CPU
		{776AD7C0-197D-45EB-8951-187FF661FB0B}.Debug|Any CPU.ActiveCfg = Debug|Any CPU
		{776AD7C0-197D-45EB-8951-187FF661FB0B}.Debug|Any CPU.Build.0 = Debug|Any CPU
		{776AD7C0-197D-45EB-8951-187FF661FB0B}.Release|Any CPU.ActiveCfg = Release|Any CPU
		{776AD7C0-197D-45EB-8951-187FF661FB0B}.Release|Any CPU.Build.0 = Release|Any CPU
		{8E43FEFD-9552-4BD4-AFE7-38DC98F22FC0}.Debug|Any CPU.ActiveCfg = Debug|Any CPU
		{8E43FEFD-9552-4BD4-AFE7-38DC98F22FC0}.Debug|Any CPU.Build.0 = Debug|Any CPU
		{8E43FEFD-9552-4BD4-AFE7-38DC98F22FC0}.Release|Any CPU.ActiveCfg = Release|Any CPU
		{8E43FEFD-9552-4BD4-AFE7-38DC98F22FC0}.Release|Any CPU.Build.0 = Release|Any CPU
		{06E19DE8-B39B-4D17-A7F4-BD1E0C156B5E}.Debug|Any CPU.ActiveCfg = Debug|Any CPU
		{06E19DE8-B39B-4D17-A7F4-BD1E0C156B5E}.Debug|Any CPU.Build.0 = Debug|Any CPU
		{06E19DE8-B39B-4D17-A7F4-BD1E0C156B5E}.Release|Any CPU.ActiveCfg = Release|Any CPU
		{06E19DE8-B39B-4D17-A7F4-BD1E0C156B5E}.Release|Any CPU.Build.0 = Release|Any CPU
		{056514F4-709D-46C2-B9D5-AEF17971CD86}.Debug|Any CPU.ActiveCfg = Debug|Any CPU
		{056514F4-709D-46C2-B9D5-AEF17971CD86}.Debug|Any CPU.Build.0 = Debug|Any CPU
		{056514F4-709D-46C2-B9D5-AEF17971CD86}.Release|Any CPU.ActiveCfg = Release|Any CPU
		{056514F4-709D-46C2-B9D5-AEF17971CD86}.Release|Any CPU.Build.0 = Release|Any CPU
		{F24986F0-E926-4713-B9B3-1164902049C5}.Debug|Any CPU.ActiveCfg = Debug|Any CPU
		{F24986F0-E926-4713-B9B3-1164902049C5}.Debug|Any CPU.Build.0 = Debug|Any CPU
		{F24986F0-E926-4713-B9B3-1164902049C5}.Release|Any CPU.ActiveCfg = Release|Any CPU
		{F24986F0-E926-4713-B9B3-1164902049C5}.Release|Any CPU.Build.0 = Release|Any CPU
		{8CF598FC-06B3-4686-9397-C7CA9D548587}.Debug|Any CPU.ActiveCfg = Debug|Any CPU
		{8CF598FC-06B3-4686-9397-C7CA9D548587}.Debug|Any CPU.Build.0 = Debug|Any CPU
		{8CF598FC-06B3-4686-9397-C7CA9D548587}.Release|Any CPU.ActiveCfg = Release|Any CPU
		{8CF598FC-06B3-4686-9397-C7CA9D548587}.Release|Any CPU.Build.0 = Release|Any CPU
		{5174E9B7-5DA0-4E1A-B5BF-AA9F3567A6A4}.Debug|Any CPU.ActiveCfg = Debug|Any CPU
		{5174E9B7-5DA0-4E1A-B5BF-AA9F3567A6A4}.Debug|Any CPU.Build.0 = Debug|Any CPU
		{5174E9B7-5DA0-4E1A-B5BF-AA9F3567A6A4}.Release|Any CPU.ActiveCfg = Release|Any CPU
		{5174E9B7-5DA0-4E1A-B5BF-AA9F3567A6A4}.Release|Any CPU.Build.0 = Release|Any CPU
		{9515D45E-3913-4FF2-A5D3-485817081B9C}.Debug|Any CPU.ActiveCfg = Debug|Any CPU
		{9515D45E-3913-4FF2-A5D3-485817081B9C}.Debug|Any CPU.Build.0 = Debug|Any CPU
		{9515D45E-3913-4FF2-A5D3-485817081B9C}.Release|Any CPU.ActiveCfg = Release|Any CPU
		{9515D45E-3913-4FF2-A5D3-485817081B9C}.Release|Any CPU.Build.0 = Release|Any CPU
		{96D9315F-6E66-4D35-8530-4DA93C66E538}.Debug|Any CPU.ActiveCfg = Debug|Any CPU
		{96D9315F-6E66-4D35-8530-4DA93C66E538}.Debug|Any CPU.Build.0 = Debug|Any CPU
		{96D9315F-6E66-4D35-8530-4DA93C66E538}.Release|Any CPU.ActiveCfg = Release|Any CPU
		{96D9315F-6E66-4D35-8530-4DA93C66E538}.Release|Any CPU.Build.0 = Release|Any CPU
	EndGlobalSection
EndGlobal
